
Microsoft Visual Studio Solution File, Format Version 12.00
# Visual Studio 14
VisualStudioVersion = 14.0.25123.0
MinimumVisualStudioVersion = 10.0.40219.1
Project("{FAE04EC0-301F-11D3-BF4B-00C04F79EFBC}") = "XamlFeatures.Droid", "XamlFeatures\XamlFeatures.Droid\XamlFeatures.Droid.csproj", "{19462A38-9A71-4AAB-98DE-EE8AABC6A10D}"
EndProject
Project("{FAE04EC0-301F-11D3-BF4B-00C04F79EFBC}") = "XamlFeatures.iOS", "XamlFeatures\XamlFeatures.iOS\XamlFeatures.iOS.csproj", "{696E8514-490C-47C5-B0D9-40F53F9AA031}"
EndProject
Project("{FAE04EC0-301F-11D3-BF4B-00C04F79EFBC}") = "XamlFeatures.WinPhone", "XamlFeatures\XamlFeatures.WinPhone\XamlFeatures.WinPhone.csproj", "{20535AD4-8974-4279-A2A6-A85E69105E7F}"
EndProject
Project("{FAE04EC0-301F-11D3-BF4B-00C04F79EFBC}") = "XamlFeatures.UWP", "XamlFeatures\XamlFeatures.UWP\XamlFeatures.UWP.csproj", "{9EAAA4A5-53F0-45D4-998D-0F3D76A1870E}"
EndProject
Project("{FAE04EC0-301F-11D3-BF4B-00C04F79EFBC}") = "XamlFeatures.Windows", "XamlFeatures\XamlFeatures.Windows\XamlFeatures.Windows.csproj", "{19F18FD8-6582-4319-B712-AFEB1B6004A2}"
EndProject
Project("{FAE04EC0-301F-11D3-BF4B-00C04F79EFBC}") = "XamlFeatures", "XamlFeatures\XamlFeatures\XamlFeatures.csproj", "{94851FB7-FBD7-4DF8-87E1-B5A7F107F468}"
EndProject
Global
	GlobalSection(SolutionConfigurationPlatforms) = preSolution
		Ad-Hoc|Any CPU = Ad-Hoc|Any CPU
		Ad-Hoc|ARM = Ad-Hoc|ARM
		Ad-Hoc|iPhone = Ad-Hoc|iPhone
		Ad-Hoc|iPhoneSimulator = Ad-Hoc|iPhoneSimulator
		Ad-Hoc|x64 = Ad-Hoc|x64
		Ad-Hoc|x86 = Ad-Hoc|x86
		AppStore|Any CPU = AppStore|Any CPU
		AppStore|ARM = AppStore|ARM
		AppStore|iPhone = AppStore|iPhone
		AppStore|iPhoneSimulator = AppStore|iPhoneSimulator
		AppStore|x64 = AppStore|x64
		AppStore|x86 = AppStore|x86
		Debug|Any CPU = Debug|Any CPU
		Debug|ARM = Debug|ARM
		Debug|iPhone = Debug|iPhone
		Debug|iPhoneSimulator = Debug|iPhoneSimulator
		Debug|x64 = Debug|x64
		Debug|x86 = Debug|x86
		Release|Any CPU = Release|Any CPU
		Release|ARM = Release|ARM
		Release|iPhone = Release|iPhone
		Release|iPhoneSimulator = Release|iPhoneSimulator
		Release|x64 = Release|x64
		Release|x86 = Release|x86
	EndGlobalSection
	GlobalSection(ProjectConfigurationPlatforms) = postSolution
		{19462A38-9A71-4AAB-98DE-EE8AABC6A10D}.Ad-Hoc|Any CPU.ActiveCfg = Release|Any CPU
		{19462A38-9A71-4AAB-98DE-EE8AABC6A10D}.Ad-Hoc|Any CPU.Build.0 = Release|Any CPU
		{19462A38-9A71-4AAB-98DE-EE8AABC6A10D}.Ad-Hoc|Any CPU.Deploy.0 = Release|Any CPU
		{19462A38-9A71-4AAB-98DE-EE8AABC6A10D}.Ad-Hoc|ARM.ActiveCfg = Release|Any CPU
		{19462A38-9A71-4AAB-98DE-EE8AABC6A10D}.Ad-Hoc|ARM.Build.0 = Release|Any CPU
		{19462A38-9A71-4AAB-98DE-EE8AABC6A10D}.Ad-Hoc|ARM.Deploy.0 = Release|Any CPU
		{19462A38-9A71-4AAB-98DE-EE8AABC6A10D}.Ad-Hoc|iPhone.ActiveCfg = Release|Any CPU
		{19462A38-9A71-4AAB-98DE-EE8AABC6A10D}.Ad-Hoc|iPhone.Build.0 = Release|Any CPU
		{19462A38-9A71-4AAB-98DE-EE8AABC6A10D}.Ad-Hoc|iPhone.Deploy.0 = Release|Any CPU
		{19462A38-9A71-4AAB-98DE-EE8AABC6A10D}.Ad-Hoc|iPhoneSimulator.ActiveCfg = Release|Any CPU
		{19462A38-9A71-4AAB-98DE-EE8AABC6A10D}.Ad-Hoc|iPhoneSimulator.Build.0 = Release|Any CPU
		{19462A38-9A71-4AAB-98DE-EE8AABC6A10D}.Ad-Hoc|iPhoneSimulator.Deploy.0 = Release|Any CPU
		{19462A38-9A71-4AAB-98DE-EE8AABC6A10D}.Ad-Hoc|x64.ActiveCfg = Release|Any CPU
		{19462A38-9A71-4AAB-98DE-EE8AABC6A10D}.Ad-Hoc|x64.Build.0 = Release|Any CPU
		{19462A38-9A71-4AAB-98DE-EE8AABC6A10D}.Ad-Hoc|x64.Deploy.0 = Release|Any CPU
		{19462A38-9A71-4AAB-98DE-EE8AABC6A10D}.Ad-Hoc|x86.ActiveCfg = Release|Any CPU
		{19462A38-9A71-4AAB-98DE-EE8AABC6A10D}.Ad-Hoc|x86.Build.0 = Release|Any CPU
		{19462A38-9A71-4AAB-98DE-EE8AABC6A10D}.Ad-Hoc|x86.Deploy.0 = Release|Any CPU
		{19462A38-9A71-4AAB-98DE-EE8AABC6A10D}.AppStore|Any CPU.ActiveCfg = Release|Any CPU
		{19462A38-9A71-4AAB-98DE-EE8AABC6A10D}.AppStore|Any CPU.Build.0 = Release|Any CPU
		{19462A38-9A71-4AAB-98DE-EE8AABC6A10D}.AppStore|Any CPU.Deploy.0 = Release|Any CPU
		{19462A38-9A71-4AAB-98DE-EE8AABC6A10D}.AppStore|ARM.ActiveCfg = Release|Any CPU
		{19462A38-9A71-4AAB-98DE-EE8AABC6A10D}.AppStore|ARM.Build.0 = Release|Any CPU
		{19462A38-9A71-4AAB-98DE-EE8AABC6A10D}.AppStore|ARM.Deploy.0 = Release|Any CPU
		{19462A38-9A71-4AAB-98DE-EE8AABC6A10D}.AppStore|iPhone.ActiveCfg = Release|Any CPU
		{19462A38-9A71-4AAB-98DE-EE8AABC6A10D}.AppStore|iPhone.Build.0 = Release|Any CPU
		{19462A38-9A71-4AAB-98DE-EE8AABC6A10D}.AppStore|iPhone.Deploy.0 = Release|Any CPU
		{19462A38-9A71-4AAB-98DE-EE8AABC6A10D}.AppStore|iPhoneSimulator.ActiveCfg = Release|Any CPU
		{19462A38-9A71-4AAB-98DE-EE8AABC6A10D}.AppStore|iPhoneSimulator.Build.0 = Release|Any CPU
		{19462A38-9A71-4AAB-98DE-EE8AABC6A10D}.AppStore|iPhoneSimulator.Deploy.0 = Release|Any CPU
		{19462A38-9A71-4AAB-98DE-EE8AABC6A10D}.AppStore|x64.ActiveCfg = Release|Any CPU
		{19462A38-9A71-4AAB-98DE-EE8AABC6A10D}.AppStore|x64.Build.0 = Release|Any CPU
		{19462A38-9A71-4AAB-98DE-EE8AABC6A10D}.AppStore|x64.Deploy.0 = Release|Any CPU
		{19462A38-9A71-4AAB-98DE-EE8AABC6A10D}.AppStore|x86.ActiveCfg = Release|Any CPU
		{19462A38-9A71-4AAB-98DE-EE8AABC6A10D}.AppStore|x86.Build.0 = Release|Any CPU
		{19462A38-9A71-4AAB-98DE-EE8AABC6A10D}.AppStore|x86.Deploy.0 = Release|Any CPU
		{19462A38-9A71-4AAB-98DE-EE8AABC6A10D}.Debug|Any CPU.ActiveCfg = Debug|Any CPU
		{19462A38-9A71-4AAB-98DE-EE8AABC6A10D}.Debug|Any CPU.Build.0 = Debug|Any CPU
		{19462A38-9A71-4AAB-98DE-EE8AABC6A10D}.Debug|Any CPU.Deploy.0 = Debug|Any CPU
		{19462A38-9A71-4AAB-98DE-EE8AABC6A10D}.Debug|ARM.ActiveCfg = Debug|Any CPU
		{19462A38-9A71-4AAB-98DE-EE8AABC6A10D}.Debug|ARM.Build.0 = Debug|Any CPU
		{19462A38-9A71-4AAB-98DE-EE8AABC6A10D}.Debug|ARM.Deploy.0 = Debug|Any CPU
		{19462A38-9A71-4AAB-98DE-EE8AABC6A10D}.Debug|iPhone.ActiveCfg = Debug|Any CPU
		{19462A38-9A71-4AAB-98DE-EE8AABC6A10D}.Debug|iPhone.Build.0 = Debug|Any CPU
		{19462A38-9A71-4AAB-98DE-EE8AABC6A10D}.Debug|iPhone.Deploy.0 = Debug|Any CPU
		{19462A38-9A71-4AAB-98DE-EE8AABC6A10D}.Debug|iPhoneSimulator.ActiveCfg = Debug|Any CPU
		{19462A38-9A71-4AAB-98DE-EE8AABC6A10D}.Debug|iPhoneSimulator.Build.0 = Debug|Any CPU
		{19462A38-9A71-4AAB-98DE-EE8AABC6A10D}.Debug|iPhoneSimulator.Deploy.0 = Debug|Any CPU
		{19462A38-9A71-4AAB-98DE-EE8AABC6A10D}.Debug|x64.ActiveCfg = Debug|Any CPU
		{19462A38-9A71-4AAB-98DE-EE8AABC6A10D}.Debug|x64.Build.0 = Debug|Any CPU
		{19462A38-9A71-4AAB-98DE-EE8AABC6A10D}.Debug|x64.Deploy.0 = Debug|Any CPU
		{19462A38-9A71-4AAB-98DE-EE8AABC6A10D}.Debug|x86.ActiveCfg = Debug|Any CPU
		{19462A38-9A71-4AAB-98DE-EE8AABC6A10D}.Debug|x86.Build.0 = Debug|Any CPU
		{19462A38-9A71-4AAB-98DE-EE8AABC6A10D}.Debug|x86.Deploy.0 = Debug|Any CPU
		{19462A38-9A71-4AAB-98DE-EE8AABC6A10D}.Release|Any CPU.ActiveCfg = Release|Any CPU
		{19462A38-9A71-4AAB-98DE-EE8AABC6A10D}.Release|Any CPU.Build.0 = Release|Any CPU
		{19462A38-9A71-4AAB-98DE-EE8AABC6A10D}.Release|Any CPU.Deploy.0 = Release|Any CPU
		{19462A38-9A71-4AAB-98DE-EE8AABC6A10D}.Release|ARM.ActiveCfg = Release|Any CPU
		{19462A38-9A71-4AAB-98DE-EE8AABC6A10D}.Release|ARM.Build.0 = Release|Any CPU
		{19462A38-9A71-4AAB-98DE-EE8AABC6A10D}.Release|ARM.Deploy.0 = Release|Any CPU
		{19462A38-9A71-4AAB-98DE-EE8AABC6A10D}.Release|iPhone.ActiveCfg = Release|Any CPU
		{19462A38-9A71-4AAB-98DE-EE8AABC6A10D}.Release|iPhone.Build.0 = Release|Any CPU
		{19462A38-9A71-4AAB-98DE-EE8AABC6A10D}.Release|iPhone.Deploy.0 = Release|Any CPU
		{19462A38-9A71-4AAB-98DE-EE8AABC6A10D}.Release|iPhoneSimulator.ActiveCfg = Release|Any CPU
		{19462A38-9A71-4AAB-98DE-EE8AABC6A10D}.Release|iPhoneSimulator.Build.0 = Release|Any CPU
		{19462A38-9A71-4AAB-98DE-EE8AABC6A10D}.Release|iPhoneSimulator.Deploy.0 = Release|Any CPU
		{19462A38-9A71-4AAB-98DE-EE8AABC6A10D}.Release|x64.ActiveCfg = Release|Any CPU
		{19462A38-9A71-4AAB-98DE-EE8AABC6A10D}.Release|x64.Build.0 = Release|Any CPU
		{19462A38-9A71-4AAB-98DE-EE8AABC6A10D}.Release|x64.Deploy.0 = Release|Any CPU
		{19462A38-9A71-4AAB-98DE-EE8AABC6A10D}.Release|x86.ActiveCfg = Release|Any CPU
		{19462A38-9A71-4AAB-98DE-EE8AABC6A10D}.Release|x86.Build.0 = Release|Any CPU
		{19462A38-9A71-4AAB-98DE-EE8AABC6A10D}.Release|x86.Deploy.0 = Release|Any CPU
		{696E8514-490C-47C5-B0D9-40F53F9AA031}.Ad-Hoc|Any CPU.ActiveCfg = Ad-Hoc|iPhone
		{696E8514-490C-47C5-B0D9-40F53F9AA031}.Ad-Hoc|ARM.ActiveCfg = Ad-Hoc|iPhone
		{696E8514-490C-47C5-B0D9-40F53F9AA031}.Ad-Hoc|iPhone.ActiveCfg = Ad-Hoc|iPhone
		{696E8514-490C-47C5-B0D9-40F53F9AA031}.Ad-Hoc|iPhone.Build.0 = Ad-Hoc|iPhone
		{696E8514-490C-47C5-B0D9-40F53F9AA031}.Ad-Hoc|iPhoneSimulator.ActiveCfg = Ad-Hoc|iPhoneSimulator
		{696E8514-490C-47C5-B0D9-40F53F9AA031}.Ad-Hoc|iPhoneSimulator.Build.0 = Ad-Hoc|iPhoneSimulator
		{696E8514-490C-47C5-B0D9-40F53F9AA031}.Ad-Hoc|x64.ActiveCfg = Ad-Hoc|iPhone
		{696E8514-490C-47C5-B0D9-40F53F9AA031}.Ad-Hoc|x86.ActiveCfg = Ad-Hoc|iPhone
		{696E8514-490C-47C5-B0D9-40F53F9AA031}.AppStore|Any CPU.ActiveCfg = AppStore|iPhone
		{696E8514-490C-47C5-B0D9-40F53F9AA031}.AppStore|ARM.ActiveCfg = AppStore|iPhone
		{696E8514-490C-47C5-B0D9-40F53F9AA031}.AppStore|iPhone.ActiveCfg = AppStore|iPhone
		{696E8514-490C-47C5-B0D9-40F53F9AA031}.AppStore|iPhone.Build.0 = AppStore|iPhone
		{696E8514-490C-47C5-B0D9-40F53F9AA031}.AppStore|iPhoneSimulator.ActiveCfg = AppStore|iPhoneSimulator
		{696E8514-490C-47C5-B0D9-40F53F9AA031}.AppStore|iPhoneSimulator.Build.0 = AppStore|iPhoneSimulator
		{696E8514-490C-47C5-B0D9-40F53F9AA031}.AppStore|x64.ActiveCfg = AppStore|iPhone
		{696E8514-490C-47C5-B0D9-40F53F9AA031}.AppStore|x86.ActiveCfg = AppStore|iPhone
		{696E8514-490C-47C5-B0D9-40F53F9AA031}.Debug|Any CPU.ActiveCfg = Debug|iPhone
		{696E8514-490C-47C5-B0D9-40F53F9AA031}.Debug|ARM.ActiveCfg = Debug|iPhone
		{696E8514-490C-47C5-B0D9-40F53F9AA031}.Debug|iPhone.ActiveCfg = Debug|iPhone
		{696E8514-490C-47C5-B0D9-40F53F9AA031}.Debug|iPhone.Build.0 = Debug|iPhone
		{696E8514-490C-47C5-B0D9-40F53F9AA031}.Debug|iPhoneSimulator.ActiveCfg = Debug|iPhoneSimulator
		{696E8514-490C-47C5-B0D9-40F53F9AA031}.Debug|iPhoneSimulator.Build.0 = Debug|iPhoneSimulator
		{696E8514-490C-47C5-B0D9-40F53F9AA031}.Debug|x64.ActiveCfg = Debug|iPhone
		{696E8514-490C-47C5-B0D9-40F53F9AA031}.Debug|x86.ActiveCfg = Debug|iPhone
		{696E8514-490C-47C5-B0D9-40F53F9AA031}.Release|Any CPU.ActiveCfg = Release|iPhone
		{696E8514-490C-47C5-B0D9-40F53F9AA031}.Release|ARM.ActiveCfg = Release|iPhone
		{696E8514-490C-47C5-B0D9-40F53F9AA031}.Release|iPhone.ActiveCfg = Release|iPhone
		{696E8514-490C-47C5-B0D9-40F53F9AA031}.Release|iPhone.Build.0 = Release|iPhone
		{696E8514-490C-47C5-B0D9-40F53F9AA031}.Release|iPhoneSimulator.ActiveCfg = Release|iPhoneSimulator
		{696E8514-490C-47C5-B0D9-40F53F9AA031}.Release|iPhoneSimulator.Build.0 = Release|iPhoneSimulator
		{696E8514-490C-47C5-B0D9-40F53F9AA031}.Release|x64.ActiveCfg = Release|iPhone
		{696E8514-490C-47C5-B0D9-40F53F9AA031}.Release|x86.ActiveCfg = Release|iPhone
		{20535AD4-8974-4279-A2A6-A85E69105E7F}.Ad-Hoc|Any CPU.ActiveCfg = Release|Any CPU
		{20535AD4-8974-4279-A2A6-A85E69105E7F}.Ad-Hoc|Any CPU.Build.0 = Release|Any CPU
		{20535AD4-8974-4279-A2A6-A85E69105E7F}.Ad-Hoc|Any CPU.Deploy.0 = Release|Any CPU
		{20535AD4-8974-4279-A2A6-A85E69105E7F}.Ad-Hoc|ARM.ActiveCfg = Release|ARM
		{20535AD4-8974-4279-A2A6-A85E69105E7F}.Ad-Hoc|ARM.Build.0 = Release|ARM
		{20535AD4-8974-4279-A2A6-A85E69105E7F}.Ad-Hoc|ARM.Deploy.0 = Release|ARM
		{20535AD4-8974-4279-A2A6-A85E69105E7F}.Ad-Hoc|iPhone.ActiveCfg = Release|Any CPU
		{20535AD4-8974-4279-A2A6-A85E69105E7F}.Ad-Hoc|iPhone.Build.0 = Release|Any CPU
		{20535AD4-8974-4279-A2A6-A85E69105E7F}.Ad-Hoc|iPhone.Deploy.0 = Release|Any CPU
		{20535AD4-8974-4279-A2A6-A85E69105E7F}.Ad-Hoc|iPhoneSimulator.ActiveCfg = Release|Any CPU
		{20535AD4-8974-4279-A2A6-A85E69105E7F}.Ad-Hoc|iPhoneSimulator.Build.0 = Release|Any CPU
		{20535AD4-8974-4279-A2A6-A85E69105E7F}.Ad-Hoc|iPhoneSimulator.Deploy.0 = Release|Any CPU
		{20535AD4-8974-4279-A2A6-A85E69105E7F}.Ad-Hoc|x64.ActiveCfg = Release|Any CPU
		{20535AD4-8974-4279-A2A6-A85E69105E7F}.Ad-Hoc|x64.Build.0 = Release|Any CPU
		{20535AD4-8974-4279-A2A6-A85E69105E7F}.Ad-Hoc|x64.Deploy.0 = Release|Any CPU
		{20535AD4-8974-4279-A2A6-A85E69105E7F}.Ad-Hoc|x86.ActiveCfg = Release|x86
		{20535AD4-8974-4279-A2A6-A85E69105E7F}.Ad-Hoc|x86.Build.0 = Release|x86
		{20535AD4-8974-4279-A2A6-A85E69105E7F}.Ad-Hoc|x86.Deploy.0 = Release|x86
		{20535AD4-8974-4279-A2A6-A85E69105E7F}.AppStore|Any CPU.ActiveCfg = Release|Any CPU
		{20535AD4-8974-4279-A2A6-A85E69105E7F}.AppStore|Any CPU.Build.0 = Release|Any CPU
		{20535AD4-8974-4279-A2A6-A85E69105E7F}.AppStore|Any CPU.Deploy.0 = Release|Any CPU
		{20535AD4-8974-4279-A2A6-A85E69105E7F}.AppStore|ARM.ActiveCfg = Release|ARM
		{20535AD4-8974-4279-A2A6-A85E69105E7F}.AppStore|ARM.Build.0 = Release|ARM
		{20535AD4-8974-4279-A2A6-A85E69105E7F}.AppStore|ARM.Deploy.0 = Release|ARM
		{20535AD4-8974-4279-A2A6-A85E69105E7F}.AppStore|iPhone.ActiveCfg = Release|Any CPU
		{20535AD4-8974-4279-A2A6-A85E69105E7F}.AppStore|iPhone.Build.0 = Release|Any CPU
		{20535AD4-8974-4279-A2A6-A85E69105E7F}.AppStore|iPhone.Deploy.0 = Release|Any CPU
		{20535AD4-8974-4279-A2A6-A85E69105E7F}.AppStore|iPhoneSimulator.ActiveCfg = Release|Any CPU
		{20535AD4-8974-4279-A2A6-A85E69105E7F}.AppStore|iPhoneSimulator.Build.0 = Release|Any CPU
		{20535AD4-8974-4279-A2A6-A85E69105E7F}.AppStore|iPhoneSimulator.Deploy.0 = Release|Any CPU
		{20535AD4-8974-4279-A2A6-A85E69105E7F}.AppStore|x64.ActiveCfg = Release|Any CPU
		{20535AD4-8974-4279-A2A6-A85E69105E7F}.AppStore|x64.Build.0 = Release|Any CPU
		{20535AD4-8974-4279-A2A6-A85E69105E7F}.AppStore|x64.Deploy.0 = Release|Any CPU
		{20535AD4-8974-4279-A2A6-A85E69105E7F}.AppStore|x86.ActiveCfg = Release|x86
		{20535AD4-8974-4279-A2A6-A85E69105E7F}.AppStore|x86.Build.0 = Release|x86
		{20535AD4-8974-4279-A2A6-A85E69105E7F}.AppStore|x86.Deploy.0 = Release|x86
		{20535AD4-8974-4279-A2A6-A85E69105E7F}.Debug|Any CPU.ActiveCfg = Debug|Any CPU
		{20535AD4-8974-4279-A2A6-A85E69105E7F}.Debug|Any CPU.Build.0 = Debug|Any CPU
		{20535AD4-8974-4279-A2A6-A85E69105E7F}.Debug|Any CPU.Deploy.0 = Debug|Any CPU
		{20535AD4-8974-4279-A2A6-A85E69105E7F}.Debug|ARM.ActiveCfg = Debug|ARM
		{20535AD4-8974-4279-A2A6-A85E69105E7F}.Debug|ARM.Build.0 = Debug|ARM
		{20535AD4-8974-4279-A2A6-A85E69105E7F}.Debug|ARM.Deploy.0 = Debug|ARM
		{20535AD4-8974-4279-A2A6-A85E69105E7F}.Debug|iPhone.ActiveCfg = Debug|Any CPU
		{20535AD4-8974-4279-A2A6-A85E69105E7F}.Debug|iPhone.Build.0 = Debug|Any CPU
		{20535AD4-8974-4279-A2A6-A85E69105E7F}.Debug|iPhone.Deploy.0 = Debug|Any CPU
		{20535AD4-8974-4279-A2A6-A85E69105E7F}.Debug|iPhoneSimulator.ActiveCfg = Debug|Any CPU
		{20535AD4-8974-4279-A2A6-A85E69105E7F}.Debug|iPhoneSimulator.Build.0 = Debug|Any CPU
		{20535AD4-8974-4279-A2A6-A85E69105E7F}.Debug|iPhoneSimulator.Deploy.0 = Debug|Any CPU
		{20535AD4-8974-4279-A2A6-A85E69105E7F}.Debug|x64.ActiveCfg = Debug|Any CPU
		{20535AD4-8974-4279-A2A6-A85E69105E7F}.Debug|x64.Build.0 = Debug|Any CPU
		{20535AD4-8974-4279-A2A6-A85E69105E7F}.Debug|x64.Deploy.0 = Debug|Any CPU
		{20535AD4-8974-4279-A2A6-A85E69105E7F}.Debug|x86.ActiveCfg = Debug|x86
		{20535AD4-8974-4279-A2A6-A85E69105E7F}.Debug|x86.Build.0 = Debug|x86
		{20535AD4-8974-4279-A2A6-A85E69105E7F}.Debug|x86.Deploy.0 = Debug|x86
		{20535AD4-8974-4279-A2A6-A85E69105E7F}.Release|Any CPU.ActiveCfg = Release|Any CPU
		{20535AD4-8974-4279-A2A6-A85E69105E7F}.Release|Any CPU.Build.0 = Release|Any CPU
		{20535AD4-8974-4279-A2A6-A85E69105E7F}.Release|Any CPU.Deploy.0 = Release|Any CPU
		{20535AD4-8974-4279-A2A6-A85E69105E7F}.Release|ARM.ActiveCfg = Release|ARM
		{20535AD4-8974-4279-A2A6-A85E69105E7F}.Release|ARM.Build.0 = Release|ARM
		{20535AD4-8974-4279-A2A6-A85E69105E7F}.Release|ARM.Deploy.0 = Release|ARM
		{20535AD4-8974-4279-A2A6-A85E69105E7F}.Release|iPhone.ActiveCfg = Release|Any CPU
		{20535AD4-8974-4279-A2A6-A85E69105E7F}.Release|iPhone.Build.0 = Release|Any CPU
		{20535AD4-8974-4279-A2A6-A85E69105E7F}.Release|iPhone.Deploy.0 = Release|Any CPU
		{20535AD4-8974-4279-A2A6-A85E69105E7F}.Release|iPhoneSimulator.ActiveCfg = Release|Any CPU
		{20535AD4-8974-4279-A2A6-A85E69105E7F}.Release|iPhoneSimulator.Build.0 = Release|Any CPU
		{20535AD4-8974-4279-A2A6-A85E69105E7F}.Release|iPhoneSimulator.Deploy.0 = Release|Any CPU
		{20535AD4-8974-4279-A2A6-A85E69105E7F}.Release|x64.ActiveCfg = Release|Any CPU
		{20535AD4-8974-4279-A2A6-A85E69105E7F}.Release|x64.Build.0 = Release|Any CPU
		{20535AD4-8974-4279-A2A6-A85E69105E7F}.Release|x64.Deploy.0 = Release|Any CPU
		{20535AD4-8974-4279-A2A6-A85E69105E7F}.Release|x86.ActiveCfg = Release|x86
		{20535AD4-8974-4279-A2A6-A85E69105E7F}.Release|x86.Build.0 = Release|x86
		{20535AD4-8974-4279-A2A6-A85E69105E7F}.Release|x86.Deploy.0 = Release|x86
		{9EAAA4A5-53F0-45D4-998D-0F3D76A1870E}.Ad-Hoc|Any CPU.ActiveCfg = Release|x86
		{9EAAA4A5-53F0-45D4-998D-0F3D76A1870E}.Ad-Hoc|Any CPU.Build.0 = Release|x86
		{9EAAA4A5-53F0-45D4-998D-0F3D76A1870E}.Ad-Hoc|Any CPU.Deploy.0 = Release|x86
		{9EAAA4A5-53F0-45D4-998D-0F3D76A1870E}.Ad-Hoc|ARM.ActiveCfg = Release|ARM
		{9EAAA4A5-53F0-45D4-998D-0F3D76A1870E}.Ad-Hoc|ARM.Build.0 = Release|ARM
		{9EAAA4A5-53F0-45D4-998D-0F3D76A1870E}.Ad-Hoc|ARM.Deploy.0 = Release|ARM
		{9EAAA4A5-53F0-45D4-998D-0F3D76A1870E}.Ad-Hoc|iPhone.ActiveCfg = Release|x86
		{9EAAA4A5-53F0-45D4-998D-0F3D76A1870E}.Ad-Hoc|iPhone.Build.0 = Release|x86
		{9EAAA4A5-53F0-45D4-998D-0F3D76A1870E}.Ad-Hoc|iPhone.Deploy.0 = Release|x86
		{9EAAA4A5-53F0-45D4-998D-0F3D76A1870E}.Ad-Hoc|iPhoneSimulator.ActiveCfg = Release|x86
		{9EAAA4A5-53F0-45D4-998D-0F3D76A1870E}.Ad-Hoc|iPhoneSimulator.Build.0 = Release|x86
		{9EAAA4A5-53F0-45D4-998D-0F3D76A1870E}.Ad-Hoc|iPhoneSimulator.Deploy.0 = Release|x86
		{9EAAA4A5-53F0-45D4-998D-0F3D76A1870E}.Ad-Hoc|x64.ActiveCfg = Release|x64
		{9EAAA4A5-53F0-45D4-998D-0F3D76A1870E}.Ad-Hoc|x64.Build.0 = Release|x64
		{9EAAA4A5-53F0-45D4-998D-0F3D76A1870E}.Ad-Hoc|x64.Deploy.0 = Release|x64
		{9EAAA4A5-53F0-45D4-998D-0F3D76A1870E}.Ad-Hoc|x86.ActiveCfg = Release|x86
		{9EAAA4A5-53F0-45D4-998D-0F3D76A1870E}.Ad-Hoc|x86.Build.0 = Release|x86
		{9EAAA4A5-53F0-45D4-998D-0F3D76A1870E}.Ad-Hoc|x86.Deploy.0 = Release|x86
		{9EAAA4A5-53F0-45D4-998D-0F3D76A1870E}.AppStore|Any CPU.ActiveCfg = Release|x86
		{9EAAA4A5-53F0-45D4-998D-0F3D76A1870E}.AppStore|Any CPU.Build.0 = Release|x86
		{9EAAA4A5-53F0-45D4-998D-0F3D76A1870E}.AppStore|Any CPU.Deploy.0 = Release|x86
		{9EAAA4A5-53F0-45D4-998D-0F3D76A1870E}.AppStore|ARM.ActiveCfg = Release|ARM
		{9EAAA4A5-53F0-45D4-998D-0F3D76A1870E}.AppStore|ARM.Build.0 = Release|ARM
		{9EAAA4A5-53F0-45D4-998D-0F3D76A1870E}.AppStore|ARM.Deploy.0 = Release|ARM
		{9EAAA4A5-53F0-45D4-998D-0F3D76A1870E}.AppStore|iPhone.ActiveCfg = Release|x86
		{9EAAA4A5-53F0-45D4-998D-0F3D76A1870E}.AppStore|iPhone.Build.0 = Release|x86
		{9EAAA4A5-53F0-45D4-998D-0F3D76A1870E}.AppStore|iPhone.Deploy.0 = Release|x86
		{9EAAA4A5-53F0-45D4-998D-0F3D76A1870E}.AppStore|iPhoneSimulator.ActiveCfg = Release|x86
		{9EAAA4A5-53F0-45D4-998D-0F3D76A1870E}.AppStore|iPhoneSimulator.Build.0 = Release|x86
		{9EAAA4A5-53F0-45D4-998D-0F3D76A1870E}.AppStore|iPhoneSimulator.Deploy.0 = Release|x86
		{9EAAA4A5-53F0-45D4-998D-0F3D76A1870E}.AppStore|x64.ActiveCfg = Release|x64
		{9EAAA4A5-53F0-45D4-998D-0F3D76A1870E}.AppStore|x64.Build.0 = Release|x64
		{9EAAA4A5-53F0-45D4-998D-0F3D76A1870E}.AppStore|x64.Deploy.0 = Release|x64
		{9EAAA4A5-53F0-45D4-998D-0F3D76A1870E}.AppStore|x86.ActiveCfg = Release|x86
		{9EAAA4A5-53F0-45D4-998D-0F3D76A1870E}.AppStore|x86.Build.0 = Release|x86
		{9EAAA4A5-53F0-45D4-998D-0F3D76A1870E}.AppStore|x86.Deploy.0 = Release|x86
		{9EAAA4A5-53F0-45D4-998D-0F3D76A1870E}.Debug|Any CPU.ActiveCfg = Debug|x86
		{9EAAA4A5-53F0-45D4-998D-0F3D76A1870E}.Debug|ARM.ActiveCfg = Debug|ARM
		{9EAAA4A5-53F0-45D4-998D-0F3D76A1870E}.Debug|ARM.Build.0 = Debug|ARM
		{9EAAA4A5-53F0-45D4-998D-0F3D76A1870E}.Debug|ARM.Deploy.0 = Debug|ARM
		{9EAAA4A5-53F0-45D4-998D-0F3D76A1870E}.Debug|iPhone.ActiveCfg = Debug|x86
		{9EAAA4A5-53F0-45D4-998D-0F3D76A1870E}.Debug|iPhoneSimulator.ActiveCfg = Debug|x86
		{9EAAA4A5-53F0-45D4-998D-0F3D76A1870E}.Debug|x64.ActiveCfg = Debug|x64
		{9EAAA4A5-53F0-45D4-998D-0F3D76A1870E}.Debug|x64.Build.0 = Debug|x64
		{9EAAA4A5-53F0-45D4-998D-0F3D76A1870E}.Debug|x64.Deploy.0 = Debug|x64
		{9EAAA4A5-53F0-45D4-998D-0F3D76A1870E}.Debug|x86.ActiveCfg = Debug|x86
		{9EAAA4A5-53F0-45D4-998D-0F3D76A1870E}.Debug|x86.Build.0 = Debug|x86
		{9EAAA4A5-53F0-45D4-998D-0F3D76A1870E}.Debug|x86.Deploy.0 = Debug|x86
		{9EAAA4A5-53F0-45D4-998D-0F3D76A1870E}.Release|Any CPU.ActiveCfg = Release|x86
		{9EAAA4A5-53F0-45D4-998D-0F3D76A1870E}.Release|ARM.ActiveCfg = Release|ARM
		{9EAAA4A5-53F0-45D4-998D-0F3D76A1870E}.Release|ARM.Build.0 = Release|ARM
		{9EAAA4A5-53F0-45D4-998D-0F3D76A1870E}.Release|ARM.Deploy.0 = Release|ARM
		{9EAAA4A5-53F0-45D4-998D-0F3D76A1870E}.Release|iPhone.ActiveCfg = Release|x86
		{9EAAA4A5-53F0-45D4-998D-0F3D76A1870E}.Release|iPhoneSimulator.ActiveCfg = Release|x86
		{9EAAA4A5-53F0-45D4-998D-0F3D76A1870E}.Release|x64.ActiveCfg = Release|x64
		{9EAAA4A5-53F0-45D4-998D-0F3D76A1870E}.Release|x64.Build.0 = Release|x64
		{9EAAA4A5-53F0-45D4-998D-0F3D76A1870E}.Release|x64.Deploy.0 = Release|x64
		{9EAAA4A5-53F0-45D4-998D-0F3D76A1870E}.Release|x86.ActiveCfg = Release|x86
		{9EAAA4A5-53F0-45D4-998D-0F3D76A1870E}.Release|x86.Build.0 = Release|x86
		{9EAAA4A5-53F0-45D4-998D-0F3D76A1870E}.Release|x86.Deploy.0 = Release|x86
		{19F18FD8-6582-4319-B712-AFEB1B6004A2}.Ad-Hoc|Any CPU.ActiveCfg = Release|Any CPU
		{19F18FD8-6582-4319-B712-AFEB1B6004A2}.Ad-Hoc|Any CPU.Build.0 = Release|Any CPU
		{19F18FD8-6582-4319-B712-AFEB1B6004A2}.Ad-Hoc|Any CPU.Deploy.0 = Release|Any CPU
		{19F18FD8-6582-4319-B712-AFEB1B6004A2}.Ad-Hoc|ARM.ActiveCfg = Release|ARM
		{19F18FD8-6582-4319-B712-AFEB1B6004A2}.Ad-Hoc|ARM.Build.0 = Release|ARM
		{19F18FD8-6582-4319-B712-AFEB1B6004A2}.Ad-Hoc|ARM.Deploy.0 = Release|ARM
		{19F18FD8-6582-4319-B712-AFEB1B6004A2}.Ad-Hoc|iPhone.ActiveCfg = Release|Any CPU
		{19F18FD8-6582-4319-B712-AFEB1B6004A2}.Ad-Hoc|iPhone.Build.0 = Release|Any CPU
		{19F18FD8-6582-4319-B712-AFEB1B6004A2}.Ad-Hoc|iPhone.Deploy.0 = Release|Any CPU
		{19F18FD8-6582-4319-B712-AFEB1B6004A2}.Ad-Hoc|iPhoneSimulator.ActiveCfg = Release|Any CPU
		{19F18FD8-6582-4319-B712-AFEB1B6004A2}.Ad-Hoc|iPhoneSimulator.Build.0 = Release|Any CPU
		{19F18FD8-6582-4319-B712-AFEB1B6004A2}.Ad-Hoc|iPhoneSimulator.Deploy.0 = Release|Any CPU
		{19F18FD8-6582-4319-B712-AFEB1B6004A2}.Ad-Hoc|x64.ActiveCfg = Release|x64
		{19F18FD8-6582-4319-B712-AFEB1B6004A2}.Ad-Hoc|x64.Build.0 = Release|x64
		{19F18FD8-6582-4319-B712-AFEB1B6004A2}.Ad-Hoc|x64.Deploy.0 = Release|x64
		{19F18FD8-6582-4319-B712-AFEB1B6004A2}.Ad-Hoc|x86.ActiveCfg = Release|x86
		{19F18FD8-6582-4319-B712-AFEB1B6004A2}.Ad-Hoc|x86.Build.0 = Release|x86
		{19F18FD8-6582-4319-B712-AFEB1B6004A2}.Ad-Hoc|x86.Deploy.0 = Release|x86
		{19F18FD8-6582-4319-B712-AFEB1B6004A2}.AppStore|Any CPU.ActiveCfg = Release|Any CPU
		{19F18FD8-6582-4319-B712-AFEB1B6004A2}.AppStore|Any CPU.Build.0 = Release|Any CPU
		{19F18FD8-6582-4319-B712-AFEB1B6004A2}.AppStore|Any CPU.Deploy.0 = Release|Any CPU
		{19F18FD8-6582-4319-B712-AFEB1B6004A2}.AppStore|ARM.ActiveCfg = Release|ARM
		{19F18FD8-6582-4319-B712-AFEB1B6004A2}.AppStore|ARM.Build.0 = Release|ARM
		{19F18FD8-6582-4319-B712-AFEB1B6004A2}.AppStore|ARM.Deploy.0 = Release|ARM
		{19F18FD8-6582-4319-B712-AFEB1B6004A2}.AppStore|iPhone.ActiveCfg = Release|Any CPU
		{19F18FD8-6582-4319-B712-AFEB1B6004A2}.AppStore|iPhone.Build.0 = Release|Any CPU
		{19F18FD8-6582-4319-B712-AFEB1B6004A2}.AppStore|iPhone.Deploy.0 = Release|Any CPU
		{19F18FD8-6582-4319-B712-AFEB1B6004A2}.AppStore|iPhoneSimulator.ActiveCfg = Release|Any CPU
		{19F18FD8-6582-4319-B712-AFEB1B6004A2}.AppStore|iPhoneSimulator.Build.0 = Release|Any CPU
		{19F18FD8-6582-4319-B712-AFEB1B6004A2}.AppStore|iPhoneSimulator.Deploy.0 = Release|Any CPU
		{19F18FD8-6582-4319-B712-AFEB1B6004A2}.AppStore|x64.ActiveCfg = Release|x64
		{19F18FD8-6582-4319-B712-AFEB1B6004A2}.AppStore|x64.Build.0 = Release|x64
		{19F18FD8-6582-4319-B712-AFEB1B6004A2}.AppStore|x64.Deploy.0 = Release|x64
		{19F18FD8-6582-4319-B712-AFEB1B6004A2}.AppStore|x86.ActiveCfg = Release|x86
		{19F18FD8-6582-4319-B712-AFEB1B6004A2}.AppStore|x86.Build.0 = Release|x86
		{19F18FD8-6582-4319-B712-AFEB1B6004A2}.AppStore|x86.Deploy.0 = Release|x86
		{19F18FD8-6582-4319-B712-AFEB1B6004A2}.Debug|Any CPU.ActiveCfg = Debug|Any CPU
		{19F18FD8-6582-4319-B712-AFEB1B6004A2}.Debug|Any CPU.Build.0 = Debug|Any CPU
		{19F18FD8-6582-4319-B712-AFEB1B6004A2}.Debug|Any CPU.Deploy.0 = Debug|Any CPU
		{19F18FD8-6582-4319-B712-AFEB1B6004A2}.Debug|ARM.ActiveCfg = Debug|ARM
		{19F18FD8-6582-4319-B712-AFEB1B6004A2}.Debug|ARM.Build.0 = Debug|ARM
		{19F18FD8-6582-4319-B712-AFEB1B6004A2}.Debug|ARM.Deploy.0 = Debug|ARM
		{19F18FD8-6582-4319-B712-AFEB1B6004A2}.Debug|iPhone.ActiveCfg = Debug|Any CPU
		{19F18FD8-6582-4319-B712-AFEB1B6004A2}.Debug|iPhone.Build.0 = Debug|Any CPU
		{19F18FD8-6582-4319-B712-AFEB1B6004A2}.Debug|iPhone.Deploy.0 = Debug|Any CPU
		{19F18FD8-6582-4319-B712-AFEB1B6004A2}.Debug|iPhoneSimulator.ActiveCfg = Debug|Any CPU
		{19F18FD8-6582-4319-B712-AFEB1B6004A2}.Debug|iPhoneSimulator.Build.0 = Debug|Any CPU
		{19F18FD8-6582-4319-B712-AFEB1B6004A2}.Debug|iPhoneSimulator.Deploy.0 = Debug|Any CPU
		{19F18FD8-6582-4319-B712-AFEB1B6004A2}.Debug|x64.ActiveCfg = Debug|x64
		{19F18FD8-6582-4319-B712-AFEB1B6004A2}.Debug|x64.Build.0 = Debug|x64
		{19F18FD8-6582-4319-B712-AFEB1B6004A2}.Debug|x64.Deploy.0 = Debug|x64
		{19F18FD8-6582-4319-B712-AFEB1B6004A2}.Debug|x86.ActiveCfg = Debug|x86
		{19F18FD8-6582-4319-B712-AFEB1B6004A2}.Debug|x86.Build.0 = Debug|x86
		{19F18FD8-6582-4319-B712-AFEB1B6004A2}.Debug|x86.Deploy.0 = Debug|x86
		{19F18FD8-6582-4319-B712-AFEB1B6004A2}.Release|Any CPU.ActiveCfg = Release|Any CPU
		{19F18FD8-6582-4319-B712-AFEB1B6004A2}.Release|Any CPU.Build.0 = Release|Any CPU
		{19F18FD8-6582-4319-B712-AFEB1B6004A2}.Release|Any CPU.Deploy.0 = Release|Any CPU
		{19F18FD8-6582-4319-B712-AFEB1B6004A2}.Release|ARM.ActiveCfg = Release|ARM
		{19F18FD8-6582-4319-B712-AFEB1B6004A2}.Release|ARM.Build.0 = Release|ARM
		{19F18FD8-6582-4319-B712-AFEB1B6004A2}.Release|ARM.Deploy.0 = Release|ARM
		{19F18FD8-6582-4319-B712-AFEB1B6004A2}.Release|iPhone.ActiveCfg = Release|Any CPU
		{19F18FD8-6582-4319-B712-AFEB1B6004A2}.Release|iPhone.Build.0 = Release|Any CPU
		{19F18FD8-6582-4319-B712-AFEB1B6004A2}.Release|iPhone.Deploy.0 = Release|Any CPU
		{19F18FD8-6582-4319-B712-AFEB1B6004A2}.Release|iPhoneSimulator.ActiveCfg = Release|Any CPU
		{19F18FD8-6582-4319-B712-AFEB1B6004A2}.Release|iPhoneSimulator.Build.0 = Release|Any CPU
		{19F18FD8-6582-4319-B712-AFEB1B6004A2}.Release|iPhoneSimulator.Deploy.0 = Release|Any CPU
		{19F18FD8-6582-4319-B712-AFEB1B6004A2}.Release|x64.ActiveCfg = Release|x64
		{19F18FD8-6582-4319-B712-AFEB1B6004A2}.Release|x64.Build.0 = Release|x64
		{19F18FD8-6582-4319-B712-AFEB1B6004A2}.Release|x64.Deploy.0 = Release|x64
		{19F18FD8-6582-4319-B712-AFEB1B6004A2}.Release|x86.ActiveCfg = Release|x86
		{19F18FD8-6582-4319-B712-AFEB1B6004A2}.Release|x86.Build.0 = Release|x86
		{19F18FD8-6582-4319-B712-AFEB1B6004A2}.Release|x86.Deploy.0 = Release|x86
		{94851FB7-FBD7-4DF8-87E1-B5A7F107F468}.Ad-Hoc|Any CPU.ActiveCfg = Release|Any CPU
		{94851FB7-FBD7-4DF8-87E1-B5A7F107F468}.Ad-Hoc|Any CPU.Build.0 = Release|Any CPU
		{94851FB7-FBD7-4DF8-87E1-B5A7F107F468}.Ad-Hoc|ARM.ActiveCfg = Release|Any CPU
		{94851FB7-FBD7-4DF8-87E1-B5A7F107F468}.Ad-Hoc|ARM.Build.0 = Release|Any CPU
		{94851FB7-FBD7-4DF8-87E1-B5A7F107F468}.Ad-Hoc|iPhone.ActiveCfg = Release|Any CPU
		{94851FB7-FBD7-4DF8-87E1-B5A7F107F468}.Ad-Hoc|iPhone.Build.0 = Release|Any CPU
		{94851FB7-FBD7-4DF8-87E1-B5A7F107F468}.Ad-Hoc|iPhoneSimulator.ActiveCfg = Release|Any CPU
		{94851FB7-FBD7-4DF8-87E1-B5A7F107F468}.Ad-Hoc|iPhoneSimulator.Build.0 = Release|Any CPU
		{94851FB7-FBD7-4DF8-87E1-B5A7F107F468}.Ad-Hoc|x64.ActiveCfg = Release|Any CPU
		{94851FB7-FBD7-4DF8-87E1-B5A7F107F468}.Ad-Hoc|x64.Build.0 = Release|Any CPU
		{94851FB7-FBD7-4DF8-87E1-B5A7F107F468}.Ad-Hoc|x86.ActiveCfg = Release|Any CPU
		{94851FB7-FBD7-4DF8-87E1-B5A7F107F468}.Ad-Hoc|x86.Build.0 = Release|Any CPU
		{94851FB7-FBD7-4DF8-87E1-B5A7F107F468}.AppStore|Any CPU.ActiveCfg = Release|Any CPU
		{94851FB7-FBD7-4DF8-87E1-B5A7F107F468}.AppStore|Any CPU.Build.0 = Release|Any CPU
		{94851FB7-FBD7-4DF8-87E1-B5A7F107F468}.AppStore|ARM.ActiveCfg = Release|Any CPU
		{94851FB7-FBD7-4DF8-87E1-B5A7F107F468}.AppStore|ARM.Build.0 = Release|Any CPU
		{94851FB7-FBD7-4DF8-87E1-B5A7F107F468}.AppStore|iPhone.ActiveCfg = Release|Any CPU
		{94851FB7-FBD7-4DF8-87E1-B5A7F107F468}.AppStore|iPhone.Build.0 = Release|Any CPU
		{94851FB7-FBD7-4DF8-87E1-B5A7F107F468}.AppStore|iPhoneSimulator.ActiveCfg = Release|Any CPU
		{94851FB7-FBD7-4DF8-87E1-B5A7F107F468}.AppStore|iPhoneSimulator.Build.0 = Release|Any CPU
		{94851FB7-FBD7-4DF8-87E1-B5A7F107F468}.AppStore|x64.ActiveCfg = Release|Any CPU
		{94851FB7-FBD7-4DF8-87E1-B5A7F107F468}.AppStore|x64.Build.0 = Release|Any CPU
		{94851FB7-FBD7-4DF8-87E1-B5A7F107F468}.AppStore|x86.ActiveCfg = Release|Any CPU
		{94851FB7-FBD7-4DF8-87E1-B5A7F107F468}.AppStore|x86.Build.0 = Release|Any CPU
		{94851FB7-FBD7-4DF8-87E1-B5A7F107F468}.Debug|Any CPU.ActiveCfg = Debug|Any CPU
		{94851FB7-FBD7-4DF8-87E1-B5A7F107F468}.Debug|Any CPU.Build.0 = Debug|Any CPU
		{94851FB7-FBD7-4DF8-87E1-B5A7F107F468}.Debug|ARM.ActiveCfg = Debug|Any CPU
		{94851FB7-FBD7-4DF8-87E1-B5A7F107F468}.Debug|ARM.Build.0 = Debug|Any CPU
		{94851FB7-FBD7-4DF8-87E1-B5A7F107F468}.Debug|iPhone.ActiveCfg = Debug|Any CPU
		{94851FB7-FBD7-4DF8-87E1-B5A7F107F468}.Debug|iPhone.Build.0 = Debug|Any CPU
		{94851FB7-FBD7-4DF8-87E1-B5A7F107F468}.Debug|iPhoneSimulator.ActiveCfg = Debug|Any CPU
		{94851FB7-FBD7-4DF8-87E1-B5A7F107F468}.Debug|iPhoneSimulator.Build.0 = Debug|Any CPU
		{94851FB7-FBD7-4DF8-87E1-B5A7F107F468}.Debug|x64.ActiveCfg = Debug|Any CPU
		{94851FB7-FBD7-4DF8-87E1-B5A7F107F468}.Debug|x64.Build.0 = Debug|Any CPU
		{94851FB7-FBD7-4DF8-87E1-B5A7F107F468}.Debug|x86.ActiveCfg = Debug|Any CPU
		{94851FB7-FBD7-4DF8-87E1-B5A7F107F468}.Debug|x86.Build.0 = Debug|Any CPU
		{94851FB7-FBD7-4DF8-87E1-B5A7F107F468}.Release|Any CPU.ActiveCfg = Release|Any CPU
		{94851FB7-FBD7-4DF8-87E1-B5A7F107F468}.Release|Any CPU.Build.0 = Release|Any CPU
		{94851FB7-FBD7-4DF8-87E1-B5A7F107F468}.Release|ARM.ActiveCfg = Release|Any CPU
		{94851FB7-FBD7-4DF8-87E1-B5A7F107F468}.Release|ARM.Build.0 = Release|Any CPU
		{94851FB7-FBD7-4DF8-87E1-B5A7F107F468}.Release|iPhone.ActiveCfg = Release|Any CPU
		{94851FB7-FBD7-4DF8-87E1-B5A7F107F468}.Release|iPhone.Build.0 = Release|Any CPU
		{94851FB7-FBD7-4DF8-87E1-B5A7F107F468}.Release|iPhoneSimulator.ActiveCfg = Release|Any CPU
		{94851FB7-FBD7-4DF8-87E1-B5A7F107F468}.Release|iPhoneSimulator.Build.0 = Release|Any CPU
		{94851FB7-FBD7-4DF8-87E1-B5A7F107F468}.Release|x64.ActiveCfg = Release|Any CPU
		{94851FB7-FBD7-4DF8-87E1-B5A7F107F468}.Release|x64.Build.0 = Release|Any CPU
		{94851FB7-FBD7-4DF8-87E1-B5A7F107F468}.Release|x86.ActiveCfg = Release|Any CPU
		{94851FB7-FBD7-4DF8-87E1-B5A7F107F468}.Release|x86.Build.0 = Release|Any CPU
	EndGlobalSection
	GlobalSection(SolutionProperties) = preSolution
		HideSolutionNode = FALSE
	EndGlobalSection
EndGlobal
